
Microsoft Visual Studio Solution File, Format Version 12.00
# Visual Studio Version 17
VisualStudioVersion = 17.6.33815.320
MinimumVisualStudioVersion = 10.0.40219.1
Project("{9A19103F-16F7-4668-BE54-9A1E7A4F7556}") = "PrinterSettings", "PrinterSettings\PrinterSettings.csproj", "{6822A67C-D15B-4742-8F0D-E5AD49AF2E8C}"
EndProject
Project("{FAE04EC0-301F-11D3-BF4B-00C04F79EFBC}") = "SDP.PrinterService", "SDP.PrinterService\SDP.PrinterService.csproj", "{ACEAB694-65E9-4947-AE14-09FF8660E918}"
EndProject
Global
	GlobalSection(SolutionConfigurationPlatforms) = preSolution
		Debug|Any CPU = Debug|Any CPU
		Release|Any CPU = Release|Any CPU
	EndGlobalSection
	GlobalSection(ProjectConfigurationPlatforms) = postSolution
		{6822A67C-D15B-4742-8F0D-E5AD49AF2E8C}.Debug|Any CPU.ActiveCfg = Debug|Any CPU
		{6822A67C-D15B-4742-8F0D-E5AD49AF2E8C}.Debug|Any CPU.Build.0 = Debug|Any CPU
		{6822A67C-D15B-4742-8F0D-E5AD49AF2E8C}.Release|Any CPU.ActiveCfg = Release|Any CPU
		{6822A67C-D15B-4742-8F0D-E5AD49AF2E8C}.Release|Any CPU.Build.0 = Release|Any CPU
		{ACEAB694-65E9-4947-AE14-09FF8660E918}.Debug|Any CPU.ActiveCfg = Debug|Any CPU
		{ACEAB694-65E9-4947-AE14-09FF8660E918}.Debug|Any CPU.Build.0 = Debug|Any CPU
		{ACEAB694-65E9-4947-AE14-09FF8660E918}.Release|Any CPU.ActiveCfg = Release|Any CPU
		{ACEAB694-65E9-4947-AE14-09FF8660E918}.Release|Any CPU.Build.0 = Release|Any CPU
	EndGlobalSection
	GlobalSection(SolutionProperties) = preSolution
		HideSolutionNode = FALSE
	EndGlobalSection
	GlobalSection(ExtensibilityGlobals) = postSolution
		SolutionGuid = {316D0D27-1BF2-49FA-A6A1-2A35EF898C84}
	EndGlobalSection
EndGlobal
